
Microsoft Visual Studio Solution File, Format Version 12.00
# Visual Studio Version 17
VisualStudioVersion = 17.3.32819.101
MinimumVisualStudioVersion = 10.0.40219.1
Project("{FAE04EC0-301F-11D3-BF4B-00C04F79EFBC}") = "SSOWithUmbraco", "SSOWithUmbraco\SSOWithUmbraco.csproj", "{7AB10403-7FB9-4C13-9059-EB692321DD19}"
EndProject
Project("{FAE04EC0-301F-11D3-BF4B-00C04F79EFBC}") = "SSOWithUmbraco.Core", "SSOWithUmbraco.Core\SSOWithUmbraco.Core.csproj", "{3C64E73D-CB6D-4F21-A073-F3BC8F2632D4}"
EndProject
Project("{2150E333-8FDC-42A3-9474-1A3956D46DE8}") = "src", "src", "{D33DB2C2-0A36-42C2-A6CE-72BAA1B7D2E0}"
EndProject
Global
	GlobalSection(SolutionConfigurationPlatforms) = preSolution
		Debug|Any CPU = Debug|Any CPU
		Release|Any CPU = Release|Any CPU
	EndGlobalSection
	GlobalSection(ProjectConfigurationPlatforms) = postSolution
		{7AB10403-7FB9-4C13-9059-EB692321DD19}.Debug|Any CPU.ActiveCfg = Debug|Any CPU
		{7AB10403-7FB9-4C13-9059-EB692321DD19}.Debug|Any CPU.Build.0 = Debug|Any CPU
		{7AB10403-7FB9-4C13-9059-EB692321DD19}.Release|Any CPU.ActiveCfg = Release|Any CPU
		{7AB10403-7FB9-4C13-9059-EB692321DD19}.Release|Any CPU.Build.0 = Release|Any CPU
		{3C64E73D-CB6D-4F21-A073-F3BC8F2632D4}.Debug|Any CPU.ActiveCfg = Debug|Any CPU
		{3C64E73D-CB6D-4F21-A073-F3BC8F2632D4}.Debug|Any CPU.Build.0 = Debug|Any CPU
		{3C64E73D-CB6D-4F21-A073-F3BC8F2632D4}.Release|Any CPU.ActiveCfg = Release|Any CPU
		{3C64E73D-CB6D-4F21-A073-F3BC8F2632D4}.Release|Any CPU.Build.0 = Release|Any CPU
	EndGlobalSection
	GlobalSection(SolutionProperties) = preSolution
		HideSolutionNode = FALSE
	EndGlobalSection
	GlobalSection(NestedProjects) = preSolution
		{7AB10403-7FB9-4C13-9059-EB692321DD19} = {D33DB2C2-0A36-42C2-A6CE-72BAA1B7D2E0}
		{3C64E73D-CB6D-4F21-A073-F3BC8F2632D4} = {D33DB2C2-0A36-42C2-A6CE-72BAA1B7D2E0}
	EndGlobalSection
	GlobalSection(ExtensibilityGlobals) = postSolution
		SolutionGuid = {4CC7FEFE-E87A-4DEF-9E2B-246DB95341A5}
	EndGlobalSection
EndGlobal
